
Microsoft Visual Studio Solution File, Format Version 12.00
# Visual Studio Version 17
VisualStudioVersion = 17.12.35527.113 d17.12
MinimumVisualStudioVersion = 10.0.40219.1
Project("{FAE04EC0-301F-11D3-BF4B-00C04F79EFBC}") = "OCRDemo", "OCRDemo\OCRDemo.csproj", "{B686E630-5115-4D35-80DA-6D0D1739D0D5}"
EndProject
Global
	GlobalSection(SolutionConfigurationPlatforms) = preSolution
		Debug|Any CPU = Debug|Any CPU
		Release|Any CPU = Release|Any CPU
	EndGlobalSection
	GlobalSection(ProjectConfigurationPlatforms) = postSolution
		{B686E630-5115-4D35-80DA-6D0D1739D0D5}.Debug|Any CPU.ActiveCfg = Debug|Any CPU
		{B686E630-5115-4D35-80DA-6D0D1739D0D5}.Debug|Any CPU.Build.0 = Debug|Any CPU
		{B686E630-5115-4D35-80DA-6D0D1739D0D5}.Release|Any CPU.ActiveCfg = Release|Any CPU
		{B686E630-5115-4D35-80DA-6D0D1739D0D5}.Release|Any CPU.Build.0 = Release|Any CPU
	EndGlobalSection
	GlobalSection(SolutionProperties) = preSolution
		HideSolutionNode = FALSE
	EndGlobalSection
EndGlobal
